
Microsoft Visual Studio Solution File, Format Version 12.00
# Visual Studio Version 17
VisualStudioVersion = 17.13.35825.156
MinimumVisualStudioVersion = 10.0.40219.1
Project("{FAE04EC0-301F-11D3-BF4B-00C04F79EFBC}") = "PagueVeloz.API", "PagueVeloz.API\PagueVeloz.API.csproj", "{E346D303-3BAA-4A40-860B-835BAE31BF3A}"
EndProject
Project("{FAE04EC0-301F-11D3-BF4B-00C04F79EFBC}") = "PagueVeloz.Application", "PagueVeloz.Application\PagueVeloz.Application.csproj", "{E8E8B77C-5E43-4BE3-812D-D96E5F0BAFC5}"
EndProject
Project("{FAE04EC0-301F-11D3-BF4B-00C04F79EFBC}") = "PagueVeloz.Domain", "PagueVeloz.Domain\PagueVeloz.Domain.csproj", "{E9999C9E-2054-42E7-A27E-70F05BF9F76A}"
EndProject
Project("{FAE04EC0-301F-11D3-BF4B-00C04F79EFBC}") = "PagueVeloz.Infrastructure", "PagueVeloz.Infrastructure\PagueVeloz.Infrastructure.csproj", "{31959DA9-1309-4BB1-B451-9676EB17FE47}"
EndProject
Project("{2150E333-8FDC-42A3-9474-1A3956D46DE8}") = "tests", "tests", "{02EA681E-C7D8-13C7-8484-4AC65E1B71E8}"
EndProject
Project("{FAE04EC0-301F-11D3-BF4B-00C04F79EFBC}") = "PagueVeloz.Tests", "tests\PagueVeloz.Tests\PagueVeloz.Tests.csproj", "{25ECB415-C1AE-49E0-B207-E373CC740B1D}"
EndProject
Project("{E53339B2-1760-4266-BCC7-CA923CBCF16C}") = "docker-compose", "docker-compose.dcproj", "{81DDED9D-158B-E303-5F62-77A2896D2A5A}"
EndProject
Project("{FAE04EC0-301F-11D3-BF4B-00C04F79EFBC}") = "PagueVeloz.Integration.Tests", "tests\PagueVeloz.Integration.Tests\PagueVeloz.Integration.Tests.csproj", "{A5E554E4-4B3A-4B3D-B38E-5C0F23D32937}"
EndProject
Global
	GlobalSection(SolutionConfigurationPlatforms) = preSolution
		Debug|Any CPU = Debug|Any CPU
		Release|Any CPU = Release|Any CPU
	EndGlobalSection
	GlobalSection(ProjectConfigurationPlatforms) = postSolution
		{E346D303-3BAA-4A40-860B-835BAE31BF3A}.Debug|Any CPU.ActiveCfg = Debug|Any CPU
		{E346D303-3BAA-4A40-860B-835BAE31BF3A}.Debug|Any CPU.Build.0 = Debug|Any CPU
		{E346D303-3BAA-4A40-860B-835BAE31BF3A}.Release|Any CPU.ActiveCfg = Release|Any CPU
		{E346D303-3BAA-4A40-860B-835BAE31BF3A}.Release|Any CPU.Build.0 = Release|Any CPU
		{E8E8B77C-5E43-4BE3-812D-D96E5F0BAFC5}.Debug|Any CPU.ActiveCfg = Debug|Any CPU
		{E8E8B77C-5E43-4BE3-812D-D96E5F0BAFC5}.Debug|Any CPU.Build.0 = Debug|Any CPU
		{E8E8B77C-5E43-4BE3-812D-D96E5F0BAFC5}.Release|Any CPU.ActiveCfg = Release|Any CPU
		{E8E8B77C-5E43-4BE3-812D-D96E5F0BAFC5}.Release|Any CPU.Build.0 = Release|Any CPU
		{E9999C9E-2054-42E7-A27E-70F05BF9F76A}.Debug|Any CPU.ActiveCfg = Debug|Any CPU
		{E9999C9E-2054-42E7-A27E-70F05BF9F76A}.Debug|Any CPU.Build.0 = Debug|Any CPU
		{E9999C9E-2054-42E7-A27E-70F05BF9F76A}.Release|Any CPU.ActiveCfg = Release|Any CPU
		{E9999C9E-2054-42E7-A27E-70F05BF9F76A}.Release|Any CPU.Build.0 = Release|Any CPU
		{31959DA9-1309-4BB1-B451-9676EB17FE47}.Debug|Any CPU.ActiveCfg = Debug|Any CPU
		{31959DA9-1309-4BB1-B451-9676EB17FE47}.Debug|Any CPU.Build.0 = Debug|Any CPU
		{31959DA9-1309-4BB1-B451-9676EB17FE47}.Release|Any CPU.ActiveCfg = Release|Any CPU
		{31959DA9-1309-4BB1-B451-9676EB17FE47}.Release|Any CPU.Build.0 = Release|Any CPU
		{25ECB415-C1AE-49E0-B207-E373CC740B1D}.Debug|Any CPU.ActiveCfg = Debug|Any CPU
		{25ECB415-C1AE-49E0-B207-E373CC740B1D}.Debug|Any CPU.Build.0 = Debug|Any CPU
		{25ECB415-C1AE-49E0-B207-E373CC740B1D}.Release|Any CPU.ActiveCfg = Release|Any CPU
		{25ECB415-C1AE-49E0-B207-E373CC740B1D}.Release|Any CPU.Build.0 = Release|Any CPU
		{81DDED9D-158B-E303-5F62-77A2896D2A5A}.Debug|Any CPU.ActiveCfg = Debug|Any CPU
		{81DDED9D-158B-E303-5F62-77A2896D2A5A}.Debug|Any CPU.Build.0 = Debug|Any CPU
		{81DDED9D-158B-E303-5F62-77A2896D2A5A}.Release|Any CPU.ActiveCfg = Release|Any CPU
		{81DDED9D-158B-E303-5F62-77A2896D2A5A}.Release|Any CPU.Build.0 = Release|Any CPU
		{A5E554E4-4B3A-4B3D-B38E-5C0F23D32937}.Debug|Any CPU.ActiveCfg = Debug|Any CPU
		{A5E554E4-4B3A-4B3D-B38E-5C0F23D32937}.Debug|Any CPU.Build.0 = Debug|Any CPU
		{A5E554E4-4B3A-4B3D-B38E-5C0F23D32937}.Release|Any CPU.ActiveCfg = Release|Any CPU
		{A5E554E4-4B3A-4B3D-B38E-5C0F23D32937}.Release|Any CPU.Build.0 = Release|Any CPU
	EndGlobalSection
	GlobalSection(SolutionProperties) = preSolution
		HideSolutionNode = FALSE
	EndGlobalSection
	GlobalSection(NestedProjects) = preSolution
		{25ECB415-C1AE-49E0-B207-E373CC740B1D} = {02EA681E-C7D8-13C7-8484-4AC65E1B71E8}
		{A5E554E4-4B3A-4B3D-B38E-5C0F23D32937} = {02EA681E-C7D8-13C7-8484-4AC65E1B71E8}
	EndGlobalSection
	GlobalSection(ExtensibilityGlobals) = postSolution
		SolutionGuid = {0F13F779-B2F3-4FD0-B60A-1394C7687918}
	EndGlobalSection
EndGlobal
